# This file is generated by running "yarn install" inside your project.
# Manual changes might be lost - proceed with caution!

__metadata:
  version: 8
  cacheKey: 10

"@babel/runtime@npm:^7.28.6, @babel/runtime@npm:^7.5.5, @babel/runtime@npm:^7.8.7":
  version: 7.29.2
  resolution: "@babel/runtime@npm:7.29.2"
  checksum: 10/f55ba4052aa0255055b34371a145fbe69c29b37b49eaea14805b095bfb4153701486416e89392fd27ec8abafa53868be86e960b9f8f959fff91f2c8ac2a14b02
  languageName: node
  linkType: hard

"@biomejs/biome@npm:^2.3.4":
  version: 2.4.12
  resolution: "@biomejs/biome@npm:2.4.12"
  dependencies:
    "@biomejs/cli-darwin-arm64": "npm:2.4.12"
    "@biomejs/cli-darwin-x64": "npm:2.4.12"
    "@biomejs/cli-linux-arm64": "npm:2.4.12"
    "@biomejs/cli-linux-arm64-musl": "npm:2.4.12"
    "@biomejs/cli-linux-x64": "npm:2.4.12"
    "@biomejs/cli-linux-x64-musl": "npm:2.4.12"
    "@biomejs/cli-win32-arm64": "npm:2.4.12"
    "@biomejs/cli-win32-x64": "npm:2.4.12"
  dependenciesMeta:
    "@biomejs/cli-darwin-arm64":
      optional: true
    "@biomejs/cli-darwin-x64":
      optional: true
    "@biomejs/cli-linux-arm64":
      optional: true
    "@biomejs/cli-linux-arm64-musl":
      optional: true
    "@biomejs/cli-linux-x64":
      optional: true
    "@biomejs/cli-linux-x64-musl":
      optional: true
    "@biomejs/cli-win32-arm64":
      optional: true
    "@biomejs/cli-win32-x64":
      optional: true
  bin:
    biome: bin/biome
  checksum: 10/a2c690e2d657064f9a29c9fb7b2e9501004f5c223a749fef6a8bef3ed7588a755f030a58acc4252bb9644e24a65aa87923b0c88fe5f73f00951518614e81ba1c
  languageName: node
  linkType: hard

"@biomejs/cli-darwin-arm64@npm:2.4.12":
  version: 2.4.12
  resolution: "@biomejs/cli-darwin-arm64@npm:2.4.12"
  conditions: os=darwin & cpu=arm64
  languageName: node
  linkType: hard

"@biomejs/cli-darwin-x64@npm:2.4.12":
  version: 2.4.12
  resolution: "@biomejs/cli-darwin-x64@npm:2.4.12"
  conditions: os=darwin & cpu=x64
  languageName: node
  linkType: hard

"@biomejs/cli-linux-arm64-musl@npm:2.4.12":
  version: 2.4.12
  resolution: "@biomejs/cli-linux-arm64-musl@npm:2.4.12"
  conditions: os=linux & cpu=arm64 & libc=musl
  languageName: node
  linkType: hard

"@biomejs/cli-linux-arm64@npm:2.4.12":
  version: 2.4.12
  resolution: "@biomejs/cli-linux-arm64@npm:2.4.12"
  conditions: os=linux & cpu=arm64 & libc=glibc
  languageName: node
  linkType: hard

"@biomejs/cli-linux-x64-musl@npm:2.4.12":
  version: 2.4.12
  resolution: "@biomejs/cli-linux-x64-musl@npm:2.4.12"
  conditions: os=linux & cpu=x64 & libc=musl
  languageName: node
  linkType: hard

"@biomejs/cli-linux-x64@npm:2.4.12":
  version: 2.4.12
  resolution: "@biomejs/cli-linux-x64@npm:2.4.12"
  conditions: os=linux & cpu=x64 & libc=glibc
  languageName: node
  linkType: hard

"@biomejs/cli-win32-arm64@npm:2.4.12":
  version: 2.4.12
  resolution: "@biomejs/cli-win32-arm64@npm:2.4.12"
  conditions: os=win32 & cpu=arm64
  languageName: node
  linkType: hard

"@biomejs/cli-win32-x64@npm:2.4.12":
  version: 2.4.12
  resolution: "@biomejs/cli-win32-x64@npm:2.4.12"
  conditions: os=win32 & cpu=x64
  languageName: node
  linkType: hard

"@emnapi/runtime@npm:^1.7.0":
  version: 1.10.0
  resolution: "@emnapi/runtime@npm:1.10.0"
  dependencies:
    tslib: "npm:^2.4.0"
  checksum: 10/d21083d07fa0c2da171c142e78ef986b66b07d45b06accc0bcaf49fcc61bb4dbc10e1c1760813070165b9f49b054376a931045347f21c0f42ff1eb2d2040faac
  languageName: node
  linkType: hard

"@emotion/cache@npm:^11.14.0":
  version: 11.14.0
  resolution: "@emotion/cache@npm:11.14.0"
  dependencies:
    "@emotion/memoize": "npm:^0.9.0"
    "@emotion/sheet": "npm:^1.4.0"
    "@emotion/utils": "npm:^1.4.2"
    "@emotion/weak-memoize": "npm:^0.4.0"
    stylis: "npm:4.2.0"
  checksum: 10/52336b28a27b07dde8fcdfd80851cbd1487672bbd4db1e24cca1440c95d8a6a968c57b0453c2b7c88d9b432b717f99554dbecc05b5cdef27933299827e69fd8e
  languageName: node
  linkType: hard

"@emotion/hash@npm:^0.9.2":
  version: 0.9.2
  resolution: "@emotion/hash@npm:0.9.2"
  checksum: 10/379bde2830ccb0328c2617ec009642321c0e009a46aa383dfbe75b679c6aea977ca698c832d225a893901f29d7b3eef0e38cf341f560f6b2b56f1ff23c172387
  languageName: node
  linkType: hard

"@emotion/memoize@npm:^0.9.0":
  version: 0.9.0
  resolution: "@emotion/memoize@npm:0.9.0"
  checksum: 10/038132359397348e378c593a773b1148cd0cf0a2285ffd067a0f63447b945f5278860d9de718f906a74c7c940ba1783ac2ca18f1c06a307b01cc0e3944e783b1
  languageName: node
  linkType: hard

"@emotion/serialize@npm:^1.3.3":
  version: 1.3.3
  resolution: "@emotion/serialize@npm:1.3.3"
  dependencies:
    "@emotion/hash": "npm:^0.9.2"
    "@emotion/memoize": "npm:^0.9.0"
    "@emotion/unitless": "npm:^0.10.0"
    "@emotion/utils": "npm:^1.4.2"
    csstype: "npm:^3.0.2"
  checksum: 10/44a2e06fc52dba177d9cf720f7b2c5d45ee4c0d9c09b78302d9a625e758d728ef3ae26f849237fec6f70e9eeb7d87e45a65028e944dc1f877df97c599f1cdaee
  languageName: node
  linkType: hard

"@emotion/sheet@npm:^1.4.0":
  version: 1.4.0
  resolution: "@emotion/sheet@npm:1.4.0"
  checksum: 10/8ac6e9bf6b373a648f26ae7f1c24041038524f4c72f436f4f8c4761c665e58880c3229d8d89b1f7a4815dd8e5b49634d03e60187cb6f93097d7f7c1859e869d5
  languageName: node
  linkType: hard

"@emotion/unitless@npm:^0.10.0":
  version: 0.10.0
  resolution: "@emotion/unitless@npm:0.10.0"
  checksum: 10/6851c16edce01c494305f43b2cad7a26b939a821131b7c354e49b8e3b012c8810024755b0f4a03ef51117750309e55339825a97bd10411fb3687e68904769106
  languageName: node
  linkType: hard

"@emotion/utils@npm:^1.4.2":
  version: 1.4.2
  resolution: "@emotion/utils@npm:1.4.2"
  checksum: 10/e5f3b8bca066b3361a7ad9064baeb9d01ed1bf51d98416a67359b62cb3affec6bb0249802c4ed11f4f8030f93cc4b67506909420bdb110adec6983d712897208
  languageName: node
  linkType: hard

"@emotion/weak-memoize@npm:^0.4.0":
  version: 0.4.0
  resolution: "@emotion/weak-memoize@npm:0.4.0"
  checksum: 10/db5da0e89bd752c78b6bd65a1e56231f0abebe2f71c0bd8fc47dff96408f7065b02e214080f99924f6a3bfe7ee15afc48dad999d76df86b39b16e513f7a94f52
  languageName: node
  linkType: hard

"@img/colour@npm:^1.0.0":
  version: 1.1.0
  resolution: "@img/colour@npm:1.1.0"
  checksum: 10/2a29be7b06b046bd33c80ffa0f3493b7535b0841a69f54af81bf5e2d8867f21704fab42e9cf24ec30c089de34f790bae4dad1fc617c3163fbf264998dc316f0a
  languageName: node
  linkType: hard

"@img/sharp-darwin-arm64@npm:0.34.5":
  version: 0.34.5
  resolution: "@img/sharp-darwin-arm64@npm:0.34.5"
  dependencies:
    "@img/sharp-libvips-darwin-arm64": "npm:1.2.4"
  dependenciesMeta:
    "@img/sharp-libvips-darwin-arm64":
      optional: true
  conditions: os=darwin & cpu=arm64
  languageName: node
  linkType: hard

"@img/sharp-darwin-x64@npm:0.34.5":
  version: 0.34.5
  resolution: "@img/sharp-darwin-x64@npm:0.34.5"
  dependencies:
    "@img/sharp-libvips-darwin-x64": "npm:1.2.4"
  dependenciesMeta:
    "@img/sharp-libvips-darwin-x64":
      optional: true
  conditions: os=darwin & cpu=x64
  languageName: node
  linkType: hard

"@img/sharp-libvips-darwin-arm64@npm:1.2.4":
  version: 1.2.4
  resolution: "@img/sharp-libvips-darwin-arm64@npm:1.2.4"
  conditions: os=darwin & cpu=arm64
  languageName: node
  linkType: hard

"@img/sharp-libvips-darwin-x64@npm:1.2.4":
  version: 1.2.4
  resolution: "@img/sharp-libvips-darwin-x64@npm:1.2.4"
  conditions: os=darwin & cpu=x64
  languageName: node
  linkType: hard

"@img/sharp-libvips-linux-arm64@npm:1.2.4":
  version: 1.2.4
  resolution: "@img/sharp-libvips-linux-arm64@npm:1.2.4"
  conditions: os=linux & cpu=arm64 & libc=glibc
  languageName: node
  linkType: hard

"@img/sharp-libvips-linux-arm@npm:1.2.4":
  version: 1.2.4
  resolution: "@img/sharp-libvips-linux-arm@npm:1.2.4"
  conditions: os=linux & cpu=arm & libc=glibc
  languageName: node
  linkType: hard

"@img/sharp-libvips-linux-ppc64@npm:1.2.4":
  version: 1.2.4
  resolution: "@img/sharp-libvips-linux-ppc64@npm:1.2.4"
  conditions: os=linux & cpu=ppc64 & libc=glibc
  languageName: node
  linkType: hard

"@img/sharp-libvips-linux-riscv64@npm:1.2.4":
  version: 1.2.4
  resolution: "@img/sharp-libvips-linux-riscv64@npm:1.2.4"
  conditions: os=linux & cpu=riscv64 & libc=glibc
  languageName: node
  linkType: hard

"@img/sharp-libvips-linux-s390x@npm:1.2.4":
  version: 1.2.4
  resolution: "@img/sharp-libvips-linux-s390x@npm:1.2.4"
  conditions: os=linux & cpu=s390x & libc=glibc
  languageName: node
  linkType: hard

"@img/sharp-libvips-linux-x64@npm:1.2.4":
  version: 1.2.4
  resolution: "@img/sharp-libvips-linux-x64@npm:1.2.4"
  conditions: os=linux & cpu=x64 & libc=glibc
  languageName: node
  linkType: hard

"@img/sharp-libvips-linuxmusl-arm64@npm:1.2.4":
  version: 1.2.4
  resolution: "@img/sharp-libvips-linuxmusl-arm64@npm:1.2.4"
  conditions: os=linux & cpu=arm64 & libc=musl
  languageName: node
  linkType: hard

"@img/sharp-libvips-linuxmusl-x64@npm:1.2.4":
  version: 1.2.4
  resolution: "@img/sharp-libvips-linuxmusl-x64@npm:1.2.4"
  conditions: os=linux & cpu=x64 & libc=musl
  languageName: node
  linkType: hard

"@img/sharp-linux-arm64@npm:0.34.5":
  version: 0.34.5
  resolution: "@img/sharp-linux-arm64@npm:0.34.5"
  dependencies:
    "@img/sharp-libvips-linux-arm64": "npm:1.2.4"
  dependenciesMeta:
    "@img/sharp-libvips-linux-arm64":
      optional: true
  conditions: os=linux & cpu=arm64 & libc=glibc
  languageName: node
  linkType: hard

"@img/sharp-linux-arm@npm:0.34.5":
  version: 0.34.5
  resolution: "@img/sharp-linux-arm@npm:0.34.5"
  dependencies:
    "@img/sharp-libvips-linux-arm": "npm:1.2.4"
  dependenciesMeta:
    "@img/sharp-libvips-linux-arm":
      optional: true
  conditions: os=linux & cpu=arm & libc=glibc
  languageName: node
  linkType: hard

"@img/sharp-linux-ppc64@npm:0.34.5":
  version: 0.34.5
  resolution: "@img/sharp-linux-ppc64@npm:0.34.5"
  dependencies:
    "@img/sharp-libvips-linux-ppc64": "npm:1.2.4"
  dependenciesMeta:
    "@img/sharp-libvips-linux-ppc64":
      optional: true
  conditions: os=linux & cpu=ppc64 & libc=glibc
  languageName: node
  linkType: hard

"@img/sharp-linux-riscv64@npm:0.34.5":
  version: 0.34.5
  resolution: "@img/sharp-linux-riscv64@npm:0.34.5"
  dependencies:
    "@img/sharp-libvips-linux-riscv64": "npm:1.2.4"
  dependenciesMeta:
    "@img/sharp-libvips-linux-riscv64":
      optional: true
  conditions: os=linux & cpu=riscv64 & libc=glibc
  languageName: node
  linkType: hard

"@img/sharp-linux-s390x@npm:0.34.5":
  version: 0.34.5
  resolution: "@img/sharp-linux-s390x@npm:0.34.5"
  dependencies:
    "@img/sharp-libvips-linux-s390x": "npm:1.2.4"
  dependenciesMeta:
    "@img/sharp-libvips-linux-s390x":
      optional: true
  conditions: os=linux & cpu=s390x & libc=glibc
  languageName: node
  linkType: hard

"@img/sharp-linux-x64@npm:0.34.5":
  version: 0.34.5
  resolution: "@img/sharp-linux-x64@npm:0.34.5"
  dependencies:
    "@img/sharp-libvips-linux-x64": "npm:1.2.4"
  dependenciesMeta:
    "@img/sharp-libvips-linux-x64":
      optional: true
  conditions: os=linux & cpu=x64 & libc=glibc
  languageName: node
  linkType: hard

"@img/sharp-linuxmusl-arm64@npm:0.34.5":
  version: 0.34.5
  resolution: "@img/sharp-linuxmusl-arm64@npm:0.34.5"
  dependencies:
    "@img/sharp-libvips-linuxmusl-arm64": "npm:1.2.4"
  dependenciesMeta:
    "@img/sharp-libvips-linuxmusl-arm64":
      optional: true
  conditions: os=linux & cpu=arm64 & libc=musl
  languageName: node
  linkType: hard

"@img/sharp-linuxmusl-x64@npm:0.34.5":
  version: 0.34.5
  resolution: "@img/sharp-linuxmusl-x64@npm:0.34.5"
  dependencies:
    "@img/sharp-libvips-linuxmusl-x64": "npm:1.2.4"
  dependenciesMeta:
    "@img/sharp-libvips-linuxmusl-x64":
      optional: true
  conditions: os=linux & cpu=x64 & libc=musl
  languageName: node
  linkType: hard

"@img/sharp-wasm32@npm:0.34.5":
  version: 0.34.5
  resolution: "@img/sharp-wasm32@npm:0.34.5"
  dependencies:
    "@emnapi/runtime": "npm:^1.7.0"
  conditions: cpu=wasm32
  languageName: node
  linkType: hard

"@img/sharp-win32-arm64@npm:0.34.5":
  version: 0.34.5
  resolution: "@img/sharp-win32-arm64@npm:0.34.5"
  conditions: os=win32 & cpu=arm64
  languageName: node
  linkType: hard

"@img/sharp-win32-ia32@npm:0.34.5":
  version: 0.34.5
  resolution: "@img/sharp-win32-ia32@npm:0.34.5"
  conditions: os=win32 & cpu=ia32
  languageName: node
  linkType: hard

"@img/sharp-win32-x64@npm:0.34.5":
  version: 0.34.5
  resolution: "@img/sharp-win32-x64@npm:0.34.5"
  conditions: os=win32 & cpu=x64
  languageName: node
  linkType: hard

"@mui/core-downloads-tracker@npm:^7.3.10":
  version: 7.3.10
  resolution: "@mui/core-downloads-tracker@npm:7.3.10"
  checksum: 10/91fb854965518827e9ab98d33e3af764940387b447d15776e75de8d500200af668e28d91a913bf76c6a1b8d09501eee0dadb07c05571ddf3c4286ddb01b59af3
  languageName: node
  linkType: hard

"@mui/material@npm:^7.3.5":
  version: 7.3.10
  resolution: "@mui/material@npm:7.3.10"
  dependencies:
    "@babel/runtime": "npm:^7.28.6"
    "@mui/core-downloads-tracker": "npm:^7.3.10"
    "@mui/system": "npm:^7.3.10"
    "@mui/types": "npm:^7.4.12"
    "@mui/utils": "npm:^7.3.10"
    "@popperjs/core": "npm:^2.11.8"
    "@types/react-transition-group": "npm:^4.4.12"
    clsx: "npm:^2.1.1"
    csstype: "npm:^3.2.3"
    prop-types: "npm:^15.8.1"
    react-is: "npm:^19.2.3"
    react-transition-group: "npm:^4.4.5"
  peerDependencies:
    "@emotion/react": ^11.5.0
    "@emotion/styled": ^11.3.0
    "@mui/material-pigment-css": ^7.3.10
    "@types/react": ^17.0.0 || ^18.0.0 || ^19.0.0
    react: ^17.0.0 || ^18.0.0 || ^19.0.0
    react-dom: ^17.0.0 || ^18.0.0 || ^19.0.0
  peerDependenciesMeta:
    "@emotion/react":
      optional: true
    "@emotion/styled":
      optional: true
    "@mui/material-pigment-css":
      optional: true
    "@types/react":
      optional: true
  checksum: 10/d60f468590c7fc7f1941fa3993d1a9b42f99a53d3c2e127478948a140c4bffde9c2d901e315bf918bc830a5989594530cd447faed6ded9f9ae52f8ca83b18b1a
  languageName: node
  linkType: hard

"@mui/private-theming@npm:^7.3.10":
  version: 7.3.10
  resolution: "@mui/private-theming@npm:7.3.10"
  dependencies:
    "@babel/runtime": "npm:^7.28.6"
    "@mui/utils": "npm:^7.3.10"
    prop-types: "npm:^15.8.1"
  peerDependencies:
    "@types/react": ^17.0.0 || ^18.0.0 || ^19.0.0
    react: ^17.0.0 || ^18.0.0 || ^19.0.0
  peerDependenciesMeta:
    "@types/react":
      optional: true
  checksum: 10/ab257346cee02fda820a51d5746048dfaf93296d0f027928d8d5ffcfb1b65c17ac69cc0137352340c4c3d390314702288ba565ba7295b02b6a10aac3d4c6be46
  languageName: node
  linkType: hard

"@mui/styled-engine@npm:^7.3.10":
  version: 7.3.10
  resolution: "@mui/styled-engine@npm:7.3.10"
  dependencies:
    "@babel/runtime": "npm:^7.28.6"
    "@emotion/cache": "npm:^11.14.0"
    "@emotion/serialize": "npm:^1.3.3"
    "@emotion/sheet": "npm:^1.4.0"
    csstype: "npm:^3.2.3"
    prop-types: "npm:^15.8.1"
  peerDependencies:
    "@emotion/react": ^11.4.1
    "@emotion/styled": ^11.3.0
    react: ^17.0.0 || ^18.0.0 || ^19.0.0
  peerDependenciesMeta:
    "@emotion/react":
      optional: true
    "@emotion/styled":
      optional: true
  checksum: 10/e16ac154f53c5005dd03610ac049961d944c1eb8dcfcac219e2d43fc0a3a9a16de83a67a2578f1c99b38d53da62d7bf9cf1e32c45b7bc4327dc8dde221baed01
  languageName: node
  linkType: hard

"@mui/system@npm:^7.3.10":
  version: 7.3.10
  resolution: "@mui/system@npm:7.3.10"
  dependencies:
    "@babel/runtime": "npm:^7.28.6"
    "@mui/private-theming": "npm:^7.3.10"
    "@mui/styled-engine": "npm:^7.3.10"
    "@mui/types": "npm:^7.4.12"
    "@mui/utils": "npm:^7.3.10"
    clsx: "npm:^2.1.1"
    csstype: "npm:^3.2.3"
    prop-types: "npm:^15.8.1"
  peerDependencies:
    "@emotion/react": ^11.5.0
    "@emotion/styled": ^11.3.0
    "@types/react": ^17.0.0 || ^18.0.0 || ^19.0.0
    react: ^17.0.0 || ^18.0.0 || ^19.0.0
  peerDependenciesMeta:
    "@emotion/react":
      optional: true
    "@emotion/styled":
      optional: true
    "@types/react":
      optional: true
  checksum: 10/695d7f316c1f9b508eb57accba11953962534b5788ffeb6268ca4d9a83127a02223ae7aa9d8dc2491858833fbe8621a939a9335714c9498c2a1ec681a71e1235
  languageName: node
  linkType: hard

"@mui/types@npm:^7.4.12":
  version: 7.4.12
  resolution: "@mui/types@npm:7.4.12"
  dependencies:
    "@babel/runtime": "npm:^7.28.6"
  peerDependencies:
    "@types/react": ^17.0.0 || ^18.0.0 || ^19.0.0
  peerDependenciesMeta:
    "@types/react":
      optional: true
  checksum: 10/343de29414643f8cda26c473d2f1a2a8ca702bd41edbfc5db0cc31aed73ccbb74c5c1ab729c4cd1dac2c1ea481300b547ba37dabb86891d96fc5254bc9993a30
  languageName: node
  linkType: hard

"@mui/utils@npm:^7.3.10":
  version: 7.3.10
  resolution: "@mui/utils@npm:7.3.10"
  dependencies:
    "@babel/runtime": "npm:^7.28.6"
    "@mui/types": "npm:^7.4.12"
    "@types/prop-types": "npm:^15.7.15"
    clsx: "npm:^2.1.1"
    prop-types: "npm:^15.8.1"
    react-is: "npm:^19.2.3"
  peerDependencies:
    "@types/react": ^17.0.0 || ^18.0.0 || ^19.0.0
    react: ^17.0.0 || ^18.0.0 || ^19.0.0
  peerDependenciesMeta:
    "@types/react":
      optional: true
  checksum: 10/5f75981a6a9f37f9dac49830b6aa35578c107f2d7e3a9e1f8cf46ecc5746c7df50ea0ef2c29ce0419128ee2fa32f6812646b39538efc5a0ae361fea919b3f592
  languageName: node
  linkType: hard

"@next/env@npm:16.2.4":
  version: 16.2.4
  resolution: "@next/env@npm:16.2.4"
  checksum: 10/e90081137c61cd108a8e07d4d16f815011aaef6e2761d7a99e2e4a6d3682318a43f4857a92be638874d9df30e49f840162b6000905c1ba194deef9bf8439c631
  languageName: node
  linkType: hard

"@next/swc-darwin-arm64@npm:16.2.4":
  version: 16.2.4
  resolution: "@next/swc-darwin-arm64@npm:16.2.4"
  conditions: os=darwin & cpu=arm64
  languageName: node
  linkType: hard

"@next/swc-darwin-x64@npm:16.2.4":
  version: 16.2.4
  resolution: "@next/swc-darwin-x64@npm:16.2.4"
  conditions: os=darwin & cpu=x64
  languageName: node
  linkType: hard

"@next/swc-linux-arm64-gnu@npm:16.2.4":
  version: 16.2.4
  resolution: "@next/swc-linux-arm64-gnu@npm:16.2.4"
  conditions: os=linux & cpu=arm64 & libc=glibc
  languageName: node
  linkType: hard

"@next/swc-linux-arm64-musl@npm:16.2.4":
  version: 16.2.4
  resolution: "@next/swc-linux-arm64-musl@npm:16.2.4"
  conditions: os=linux & cpu=arm64 & libc=musl
  languageName: node
  linkType: hard

"@next/swc-linux-x64-gnu@npm:16.2.4":
  version: 16.2.4
  resolution: "@next/swc-linux-x64-gnu@npm:16.2.4"
  conditions: os=linux & cpu=x64 & libc=glibc
  languageName: node
  linkType: hard

"@next/swc-linux-x64-musl@npm:16.2.4":
  version: 16.2.4
  resolution: "@next/swc-linux-x64-musl@npm:16.2.4"
  conditions: os=linux & cpu=x64 & libc=musl
  languageName: node
  linkType: hard

"@next/swc-win32-arm64-msvc@npm:16.2.4":
  version: 16.2.4
  resolution: "@next/swc-win32-arm64-msvc@npm:16.2.4"
  conditions: os=win32 & cpu=arm64
  languageName: node
  linkType: hard

"@next/swc-win32-x64-msvc@npm:16.2.4":
  version: 16.2.4
  resolution: "@next/swc-win32-x64-msvc@npm:16.2.4"
  conditions: os=win32 & cpu=x64
  languageName: node
  linkType: hard

"@popperjs/core@npm:^2.11.8":
  version: 2.11.8
  resolution: "@popperjs/core@npm:2.11.8"
  checksum: 10/ddd16090cde777aaf102940f05d0274602079a95ad9805bd20bc55dcc7c3a2ba1b99dd5c73e5cc2753c3d31250ca52a67d58059459d7d27debb983a9f552936c
  languageName: node
  linkType: hard

"@swc/helpers@npm:0.5.15":
  version: 0.5.15
  resolution: "@swc/helpers@npm:0.5.15"
  dependencies:
    tslib: "npm:^2.8.0"
  checksum: 10/e3f32c6deeecfb0fa3f22edff03a7b358e7ce16d27b0f1c8b5cdc3042c5c4ce4da6eac0b781ab7cc4f54696ece657467d56734fb26883439fb00017385364c4c
  languageName: node
  linkType: hard

"@types/prop-types@npm:^15.7.15":
  version: 15.7.15
  resolution: "@types/prop-types@npm:15.7.15"
  checksum: 10/31aa2f59b28f24da6fb4f1d70807dae2aedfce090ec63eaf9ea01727a9533ef6eaf017de5bff99fbccad7d1c9e644f52c6c2ba30869465dd22b1a7221c29f356
  languageName: node
  linkType: hard

"@types/react-dom@npm:^19.2.3":
  version: 19.2.3
  resolution: "@types/react-dom@npm:19.2.3"
  peerDependencies:
    "@types/react": ^19.2.0
  checksum: 10/616c4a8aee250ea05fb1e7b98e7e00475dd3a6c1c30d7be18b4b93caba832f4203106b3a496a6b147e5acc2da14575eca47bce234c633bca1f8430ef8ffb234a
  languageName: node
  linkType: hard

"@types/react-transition-group@npm:^4.4.12":
  version: 4.4.12
  resolution: "@types/react-transition-group@npm:4.4.12"
  peerDependencies:
    "@types/react": "*"
  checksum: 10/ea14bc84f529a3887f9954b753843820ac8a3c49fcdfec7840657ecc6a8800aad98afdbe4b973eb96c7252286bde38476fcf64b1c09527354a9a9366e516d9a2
  languageName: node
  linkType: hard

"@types/react@npm:^19.2.14":
  version: 19.2.14
  resolution: "@types/react@npm:19.2.14"
  dependencies:
    csstype: "npm:^3.2.2"
  checksum: 10/fbff239089ee64b6bd9b00543594db498278b06de527ef1b0f71bb0eb09cc4445a71b5dd3c0d3d0257255c4eed94406be40a74ad4a987ade8a8d5dd65c82bc5f
  languageName: node
  linkType: hard

"baseline-browser-mapping@npm:^2.9.19":
  version: 2.10.20
  resolution: "baseline-browser-mapping@npm:2.10.20"
  bin:
    baseline-browser-mapping: dist/cli.cjs
  checksum: 10/75854e3381fc3782dba6561d4be9b307694f2b1659396edb997fc2a1b48835dd29f89de1e8837463665b5983978e827398be20f8bfb0301ca08f73a4c15de955
  languageName: node
  linkType: hard

"caniuse-lite@npm:^1.0.30001579":
  version: 1.0.30001788
  resolution: "caniuse-lite@npm:1.0.30001788"
  checksum: 10/bead3aa7e9795335396953305e9e791514960151fc24b665a09751d27d348d4de6e147a749ba5258921f32b1170f7db798099142a40db3d61f8d586f410f298a
  languageName: node
  linkType: hard

"client-only@npm:0.0.1":
  version: 0.0.1
  resolution: "client-only@npm:0.0.1"
  checksum: 10/0c16bf660dadb90610553c1d8946a7fdfb81d624adea073b8440b7d795d5b5b08beb3c950c6a2cf16279365a3265158a236876d92bce16423c485c322d7dfaf8
  languageName: node
  linkType: hard

"clsx@npm:^2.1.1":
  version: 2.1.1
  resolution: "clsx@npm:2.1.1"
  checksum: 10/cdfb57fa6c7649bbff98d9028c2f0de2f91c86f551179541cf784b1cfdc1562dcb951955f46d54d930a3879931a980e32a46b598acaea274728dbe068deca919
  languageName: node
  linkType: hard

"csstype@npm:^3.0.2, csstype@npm:^3.2.2, csstype@npm:^3.2.3":
  version: 3.2.3
  resolution: "csstype@npm:3.2.3"
  checksum: 10/ad41baf7e2ffac65ab544d79107bf7cd1a4bb9bab9ac3302f59ab4ba655d5e30942a8ae46e10ba160c6f4ecea464cc95b975ca2fefbdeeacd6ac63f12f99fe1f
  languageName: node
  linkType: hard

"detect-libc@npm:^2.1.2":
  version: 2.1.2
  resolution: "detect-libc@npm:2.1.2"
  checksum: 10/b736c8d97d5d46164c0d1bed53eb4e6a3b1d8530d460211e2d52f1c552875e706c58a5376854e4e54f8b828c9cada58c855288c968522eb93ac7696d65970766
  languageName: node
  linkType: hard

"dom-helpers@npm:^5.0.1":
  version: 5.2.1
  resolution: "dom-helpers@npm:5.2.1"
  dependencies:
    "@babel/runtime": "npm:^7.8.7"
    csstype: "npm:^3.0.2"
  checksum: 10/bed2341adf8864bf932b3289c24f35fdd99930af77df46688abf2d753ff291df49a15850c874d686d9be6ec4e1c6835673906e64dbd8b2839d227f117a11fd41
  languageName: node
  linkType: hard

"js-tokens@npm:^3.0.0 || ^4.0.0":
  version: 4.0.0
  resolution: "js-tokens@npm:4.0.0"
  checksum: 10/af37d0d913fb56aec6dc0074c163cc71cd23c0b8aad5c2350747b6721d37ba118af35abdd8b33c47ec2800de07dedb16a527ca9c530ee004093e04958bd0cbf2
  languageName: node
  linkType: hard

"loose-envify@npm:^1.4.0":
  version: 1.4.0
  resolution: "loose-envify@npm:1.4.0"
  dependencies:
    js-tokens: "npm:^3.0.0 || ^4.0.0"
  bin:
    loose-envify: cli.js
  checksum: 10/6517e24e0cad87ec9888f500c5b5947032cdfe6ef65e1c1936a0c48a524b81e65542c9c3edc91c97d5bddc806ee2a985dbc79be89215d613b1de5db6d1cfe6f4
  languageName: node
  linkType: hard

"nanoid@npm:^3.3.6":
  version: 3.3.11
  resolution: "nanoid@npm:3.3.11"
  bin:
    nanoid: bin/nanoid.cjs
  checksum: 10/73b5afe5975a307aaa3c95dfe3334c52cdf9ae71518176895229b8d65ab0d1c0417dd081426134eb7571c055720428ea5d57c645138161e7d10df80815527c48
  languageName: node
  linkType: hard

"next@npm:^16.2.3":
  version: 16.2.4
  resolution: "next@npm:16.2.4"
  dependencies:
    "@next/env": "npm:16.2.4"
    "@next/swc-darwin-arm64": "npm:16.2.4"
    "@next/swc-darwin-x64": "npm:16.2.4"
    "@next/swc-linux-arm64-gnu": "npm:16.2.4"
    "@next/swc-linux-arm64-musl": "npm:16.2.4"
    "@next/swc-linux-x64-gnu": "npm:16.2.4"
    "@next/swc-linux-x64-musl": "npm:16.2.4"
    "@next/swc-win32-arm64-msvc": "npm:16.2.4"
    "@next/swc-win32-x64-msvc": "npm:16.2.4"
    "@swc/helpers": "npm:0.5.15"
    baseline-browser-mapping: "npm:^2.9.19"
    caniuse-lite: "npm:^1.0.30001579"
    postcss: "npm:8.4.31"
    sharp: "npm:^0.34.5"
    styled-jsx: "npm:5.1.6"
  peerDependencies:
    "@opentelemetry/api": ^1.1.0
    "@playwright/test": ^1.51.1
    babel-plugin-react-compiler: "*"
    react: ^18.2.0 || 19.0.0-rc-de68d2f4-20241204 || ^19.0.0
    react-dom: ^18.2.0 || 19.0.0-rc-de68d2f4-20241204 || ^19.0.0
    sass: ^1.3.0
  dependenciesMeta:
    "@next/swc-darwin-arm64":
      optional: true
    "@next/swc-darwin-x64":
      optional: true
    "@next/swc-linux-arm64-gnu":
      optional: true
    "@next/swc-linux-arm64-musl":
      optional: true
    "@next/swc-linux-x64-gnu":
      optional: true
    "@next/swc-linux-x64-musl":
      optional: true
    "@next/swc-win32-arm64-msvc":
      optional: true
    "@next/swc-win32-x64-msvc":
      optional: true
    sharp:
      optional: true
  peerDependenciesMeta:
    "@opentelemetry/api":
      optional: true
    "@playwright/test":
      optional: true
    babel-plugin-react-compiler:
      optional: true
    sass:
      optional: true
  bin:
    next: dist/bin/next
  checksum: 10/57aa95316694d378e872a78e1e00380af0c06a3f0062353fea0ce90e4052c6f7dc48139767972c305e7eaaaf7bbfaa29ae7d20de3ba009adc73a43a21685cd09
  languageName: node
  linkType: hard

"object-assign@npm:^4.1.1":
  version: 4.1.1
  resolution: "object-assign@npm:4.1.1"
  checksum: 10/fcc6e4ea8c7fe48abfbb552578b1c53e0d194086e2e6bbbf59e0a536381a292f39943c6e9628af05b5528aa5e3318bb30d6b2e53cadaf5b8fe9e12c4b69af23f
  languageName: node
  linkType: hard

"picocolors@npm:^1.0.0":
  version: 1.1.1
  resolution: "picocolors@npm:1.1.1"
  checksum: 10/e1cf46bf84886c79055fdfa9dcb3e4711ad259949e3565154b004b260cd356c5d54b31a1437ce9782624bf766272fe6b0154f5f0c744fb7af5d454d2b60db045
  languageName: node
  linkType: hard

"postcss@npm:8.4.31":
  version: 8.4.31
  resolution: "postcss@npm:8.4.31"
  dependencies:
    nanoid: "npm:^3.3.6"
    picocolors: "npm:^1.0.0"
    source-map-js: "npm:^1.0.2"
  checksum: 10/1a6653e72105907377f9d4f2cd341d8d90e3fde823a5ddea1e2237aaa56933ea07853f0f2758c28892a1d70c53bbaca200eb8b80f8ed55f13093003dbec5afa0
  languageName: node
  linkType: hard

"prop-types@npm:^15.6.2, prop-types@npm:^15.8.1":
  version: 15.8.1
  resolution: "prop-types@npm:15.8.1"
  dependencies:
    loose-envify: "npm:^1.4.0"
    object-assign: "npm:^4.1.1"
    react-is: "npm:^16.13.1"
  checksum: 10/7d959caec002bc964c86cdc461ec93108b27337dabe6192fb97d69e16a0c799a03462713868b40749bfc1caf5f57ef80ac3e4ffad3effa636ee667582a75e2c0
  languageName: node
  linkType: hard

"react-adaptive-mosaic@workspace:.":
  version: 0.0.0-use.local
  resolution: "react-adaptive-mosaic@workspace:."
  dependencies:
    "@biomejs/biome": "npm:^2.3.4"
    "@mui/material": "npm:^7.3.5"
    "@types/react": "npm:^19.2.14"
    "@types/react-dom": "npm:^19.2.3"
    next: "npm:^16.2.3"
    react: "npm:^19.2.5"
    react-dom: "npm:^19.2.5"
    typescript: "npm:^5.7.2"
  peerDependencies:
    "@mui/material": ^7.3.5
    next: ^16.2.3
    react: ^19.2.5
    react-dom: ^19.2.5
  languageName: unknown
  linkType: soft

"react-dom@npm:^19.2.5":
  version: 19.2.5
  resolution: "react-dom@npm:19.2.5"
  dependencies:
    scheduler: "npm:^0.27.0"
  peerDependencies:
    react: ^19.2.5
  checksum: 10/ba14b022c7191d27b723314b964a1a4d839832e6edd231294097e323973808f97ac647bcf182ab0104e20ae6532dbc36733aec3e8333a1446a7183099c96b255
  languageName: node
  linkType: hard

"react-is@npm:^16.13.1":
  version: 16.13.1
  resolution: "react-is@npm:16.13.1"
  checksum: 10/5aa564a1cde7d391ac980bedee21202fc90bdea3b399952117f54fb71a932af1e5902020144fb354b4690b2414a0c7aafe798eb617b76a3d441d956db7726fdf
  languageName: node
  linkType: hard

"react-is@npm:^19.2.3":
  version: 19.2.5
  resolution: "react-is@npm:19.2.5"
  checksum: 10/b2e18d4efd39496474956684a3757c43b9102af56add174abf2a46a6c1441dbdfe5fa7d9e7d7ebb42f543ffc9c7941fc74eb1e2bfdbf08979ea9e2ccc36da600
  languageName: node
  linkType: hard

"react-transition-group@npm:^4.4.5":
  version: 4.4.5
  resolution: "react-transition-group@npm:4.4.5"
  dependencies:
    "@babel/runtime": "npm:^7.5.5"
    dom-helpers: "npm:^5.0.1"
    loose-envify: "npm:^1.4.0"
    prop-types: "npm:^15.6.2"
  peerDependencies:
    react: ">=16.6.0"
    react-dom: ">=16.6.0"
  checksum: 10/ca32d3fd2168c976c5d90a317f25d5f5cd723608b415fb3b9006f9d793c8965c619562d0884503a3e44e4b06efbca4fdd1520f30e58ca3e00a0890e637d55419
  languageName: node
  linkType: hard

"react@npm:^19.2.5":
  version: 19.2.5
  resolution: "react@npm:19.2.5"
  checksum: 10/1c3c7ffecb90b7f89a5c3ef635e6811f3a84600097f203b918150cb7e6b0a52915e858e5b4c82317a520dffccfa46ee4819ccf92c59c5b2d6c25cffe258dd20c
  languageName: node
  linkType: hard

"scheduler@npm:^0.27.0":
  version: 0.27.0
  resolution: "scheduler@npm:0.27.0"
  checksum: 10/eab3c3a8373195173e59c147224fc30dabe6dd453f248f5e610e8458512a5a2ee3a06465dc400ebfe6d35c9f5b7f3bb6b2e41c88c86fd177c25a73e7286a1e06
  languageName: node
  linkType: hard

"semver@npm:^7.7.3":
  version: 7.7.4
  resolution: "semver@npm:7.7.4"
  bin:
    semver: bin/semver.js
  checksum: 10/26bdc6d58b29528f4142d29afb8526bc335f4fc04c4a10f2b98b217f277a031c66736bf82d3d3bb354a2f6a3ae50f18fd62b053c4ac3f294a3d10a61f5075b75
  languageName: node
  linkType: hard

"sharp@npm:^0.34.5":
  version: 0.34.5
  resolution: "sharp@npm:0.34.5"
  dependencies:
    "@img/colour": "npm:^1.0.0"
    "@img/sharp-darwin-arm64": "npm:0.34.5"
    "@img/sharp-darwin-x64": "npm:0.34.5"
    "@img/sharp-libvips-darwin-arm64": "npm:1.2.4"
    "@img/sharp-libvips-darwin-x64": "npm:1.2.4"
    "@img/sharp-libvips-linux-arm": "npm:1.2.4"
    "@img/sharp-libvips-linux-arm64": "npm:1.2.4"
    "@img/sharp-libvips-linux-ppc64": "npm:1.2.4"
    "@img/sharp-libvips-linux-riscv64": "npm:1.2.4"
    "@img/sharp-libvips-linux-s390x": "npm:1.2.4"
    "@img/sharp-libvips-linux-x64": "npm:1.2.4"
    "@img/sharp-libvips-linuxmusl-arm64": "npm:1.2.4"
    "@img/sharp-libvips-linuxmusl-x64": "npm:1.2.4"
    "@img/sharp-linux-arm": "npm:0.34.5"
    "@img/sharp-linux-arm64": "npm:0.34.5"
    "@img/sharp-linux-ppc64": "npm:0.34.5"
    "@img/sharp-linux-riscv64": "npm:0.34.5"
    "@img/sharp-linux-s390x": "npm:0.34.5"
    "@img/sharp-linux-x64": "npm:0.34.5"
    "@img/sharp-linuxmusl-arm64": "npm:0.34.5"
    "@img/sharp-linuxmusl-x64": "npm:0.34.5"
    "@img/sharp-wasm32": "npm:0.34.5"
    "@img/sharp-win32-arm64": "npm:0.34.5"
    "@img/sharp-win32-ia32": "npm:0.34.5"
    "@img/sharp-win32-x64": "npm:0.34.5"
    detect-libc: "npm:^2.1.2"
    semver: "npm:^7.7.3"
  dependenciesMeta:
    "@img/sharp-darwin-arm64":
      optional: true
    "@img/sharp-darwin-x64":
      optional: true
    "@img/sharp-libvips-darwin-arm64":
      optional: true
    "@img/sharp-libvips-darwin-x64":
      optional: true
    "@img/sharp-libvips-linux-arm":
      optional: true
    "@img/sharp-libvips-linux-arm64":
      optional: true
    "@img/sharp-libvips-linux-ppc64":
      optional: true
    "@img/sharp-libvips-linux-riscv64":
      optional: true
    "@img/sharp-libvips-linux-s390x":
      optional: true
    "@img/sharp-libvips-linux-x64":
      optional: true
    "@img/sharp-libvips-linuxmusl-arm64":
      optional: true
    "@img/sharp-libvips-linuxmusl-x64":
      optional: true
    "@img/sharp-linux-arm":
      optional: true
    "@img/sharp-linux-arm64":
      optional: true
    "@img/sharp-linux-ppc64":
      optional: true
    "@img/sharp-linux-riscv64":
      optional: true
    "@img/sharp-linux-s390x":
      optional: true
    "@img/sharp-linux-x64":
      optional: true
    "@img/sharp-linuxmusl-arm64":
      optional: true
    "@img/sharp-linuxmusl-x64":
      optional: true
    "@img/sharp-wasm32":
      optional: true
    "@img/sharp-win32-arm64":
      optional: true
    "@img/sharp-win32-ia32":
      optional: true
    "@img/sharp-win32-x64":
      optional: true
  checksum: 10/d62bc638c8ad382dffc266beeaffab71457d592abeb6fdf95b512e6dcbce0abf47b8d903b4ea081f012ceb40e4462f1e219184c729329146df32a5ccec2c231f
  languageName: node
  linkType: hard

"source-map-js@npm:^1.0.2":
  version: 1.2.1
  resolution: "source-map-js@npm:1.2.1"
  checksum: 10/ff9d8c8bf096d534a5b7707e0382ef827b4dd360a577d3f34d2b9f48e12c9d230b5747974ee7c607f0df65113732711bb701fe9ece3c7edbd43cb2294d707df3
  languageName: node
  linkType: hard

"styled-jsx@npm:5.1.6":
  version: 5.1.6
  resolution: "styled-jsx@npm:5.1.6"
  dependencies:
    client-only: "npm:0.0.1"
  peerDependencies:
    react: ">= 16.8.0 || 17.x.x || ^18.0.0-0 || ^19.0.0-0"
  peerDependenciesMeta:
    "@babel/core":
      optional: true
    babel-plugin-macros:
      optional: true
  checksum: 10/ba01200e8227fe1441a719c2e7da96c8aa7ef61d14211d1500e1abce12efa118479bcb6e7e12beecb9e1db76432caad2f4e01bbc0c9be21c134b088a4ca5ffe0
  languageName: node
  linkType: hard

"stylis@npm:4.2.0":
  version: 4.2.0
  resolution: "stylis@npm:4.2.0"
  checksum: 10/58359185275ef1f39c339ae94e598168aa6bb789f6cf0d52e726c1e7087a94e9c17f0385a28d34483dec1ffc2c75670ec714dc5603d99c3124ec83bc2b0a0f42
  languageName: node
  linkType: hard

"tslib@npm:^2.4.0, tslib@npm:^2.8.0":
  version: 2.8.1
  resolution: "tslib@npm:2.8.1"
  checksum: 10/3e2e043d5c2316461cb54e5c7fe02c30ef6dccb3384717ca22ae5c6b5bc95232a6241df19c622d9c73b809bea33b187f6dbc73030963e29950c2141bc32a79f7
  languageName: node
  linkType: hard

"typescript@npm:^5.7.2":
  version: 5.9.3
  resolution: "typescript@npm:5.9.3"
  bin:
    tsc: bin/tsc
    tsserver: bin/tsserver
  checksum: 10/c089d9d3da2729fd4ac517f9b0e0485914c4b3c26f80dc0cffcb5de1719a17951e92425d55db59515c1a7ddab65808466debb864d0d56dcf43f27007d0709594
  languageName: node
  linkType: hard

"typescript@patch:typescript@npm%3A^5.7.2#optional!builtin<compat/typescript>":
  version: 5.9.3
  resolution: "typescript@patch:typescript@npm%3A5.9.3#optional!builtin<compat/typescript>::version=5.9.3&hash=8c6c40"
  bin:
    tsc: bin/tsc
    tsserver: bin/tsserver
  checksum: 10/5d416ad4f2ea564f515a3f919e901edbfa4b497cc17dd325c5726046c3eef7ed22d1f59c787267d478311f6f0a265ff790f8a6c7e9df3ea3471458f5ec81e8b7
  languageName: node
  linkType: hard
